
Microsoft Visual Studio Solution File, Format Version 12.00
# Visual Studio Version 17
VisualStudioVersion = 17.11.35303.130
MinimumVisualStudioVersion = 10.0.40219.1
Project("{2150E333-8FDC-42A3-9474-1A3956D46DE8}") = "Task0", "Task0", "{BBE3BA11-83AA-4C16-B926-E96BB64FE619}"
EndProject
Project("{FAE04EC0-301F-11D3-BF4B-00C04F79EFBC}") = "Tyuiu.ShakhovDK.Sprint0.Task0.V0", "Tyuiu.ShakhovDK.Sprint0.Task0.V0\Tyuiu.ShakhovDK.Sprint0.Task0.V0.csproj", "{45D09FCA-2A04-4125-A133-81E95B948A23}"
EndProject
Project("{2150E333-8FDC-42A3-9474-1A3956D46DE8}") = "Task1", "Task1", "{15870CB8-47C1-4448-BB81-C34D8F811B6E}"
EndProject
Project("{FAE04EC0-301F-11D3-BF4B-00C04F79EFBC}") = "Tyuiu.ShakhovDK.Sprint0.Task1.V0", "Tyuiu.ShakhovDK.Sprint0.Task1.V0\Tyuiu.ShakhovDK.Sprint0.Task1.V0.csproj", "{44602103-E933-4353-9EB7-AD4286D6822B}"
EndProject
Global
	GlobalSection(SolutionConfigurationPlatforms) = preSolution
		Debug|Any CPU = Debug|Any CPU
		Release|Any CPU = Release|Any CPU
	EndGlobalSection
	GlobalSection(ProjectConfigurationPlatforms) = postSolution
		{45D09FCA-2A04-4125-A133-81E95B948A23}.Debug|Any CPU.ActiveCfg = Debug|Any CPU
		{45D09FCA-2A04-4125-A133-81E95B948A23}.Debug|Any CPU.Build.0 = Debug|Any CPU
		{45D09FCA-2A04-4125-A133-81E95B948A23}.Release|Any CPU.ActiveCfg = Release|Any CPU
		{45D09FCA-2A04-4125-A133-81E95B948A23}.Release|Any CPU.Build.0 = Release|Any CPU
		{44602103-E933-4353-9EB7-AD4286D6822B}.Debug|Any CPU.ActiveCfg = Debug|Any CPU
		{44602103-E933-4353-9EB7-AD4286D6822B}.Debug|Any CPU.Build.0 = Debug|Any CPU
		{44602103-E933-4353-9EB7-AD4286D6822B}.Release|Any CPU.ActiveCfg = Release|Any CPU
		{44602103-E933-4353-9EB7-AD4286D6822B}.Release|Any CPU.Build.0 = Release|Any CPU
	EndGlobalSection
	GlobalSection(SolutionProperties) = preSolution
		HideSolutionNode = FALSE
	EndGlobalSection
	GlobalSection(NestedProjects) = preSolution
		{45D09FCA-2A04-4125-A133-81E95B948A23} = {BBE3BA11-83AA-4C16-B926-E96BB64FE619}
		{44602103-E933-4353-9EB7-AD4286D6822B} = {15870CB8-47C1-4448-BB81-C34D8F811B6E}
	EndGlobalSection
	GlobalSection(ExtensibilityGlobals) = postSolution
		SolutionGuid = {F5ECBC38-0BEC-470D-9120-8E9724929971}
	EndGlobalSection
EndGlobal
